PODS:
  - EVWDropDownNotification (0.1.0)

DEPENDENCIES:
  - EVWDropDownNotification (from `../`)

EXTERNAL SOURCES:
  EVWDropDownNotification:
    :path: ../

SPEC CHECKSUMS:
  EVWDropDownNotification: eed196b09de61da65a1c00b82b4498d0b99337d0

PODFILE CHECKSUM: 3da91977e4b801dd319f51f2a5128643085aaf0f

COCOAPODS: 1.0.1
